{
  "nodes": {
    "colmena": {
      "inputs": {
        "flake-compat": [
          "flake-compat"
        ],
        "flake-utils": [
          "flake-utils"
        ],
        "nix-github-actions": "nix-github-actions",
        "nixpkgs": [
          "nixpkgs"
        ],
        "stable": "stable"
      },
      "locked": {
        "lastModified": 1762034856,
        "narHash": "sha256-QVey3iP3UEoiFVXgypyjTvCrsIlA4ecx6Acaz5C8/PQ=",
        "owner": "zhaofengli",
        "repo": "colmena",
        "rev": "349b035a5027f23d88eeb3bc41085d7ee29f18ed",
        "type": "github"
      },
      "original": {
        "owner": "zhaofengli",
        "repo": "colmena",
        "type": "github"
      }
    },
    "configarr": {
      "inputs": {
        "flake-parts": [
          "flake-parts"
        ],
        "nixpkgs": [
          "nixpkgs"
        ],
        "systems": [
          "systems"
        ]
      },
      "locked": {
        "lastModified": 1764543843,
        "narHash": "sha256-Ho7E3gslpOOYyyFyLqSQpH19GDz6fYaMruqIKNEDs+c=",
        "owner": "venkyr77",
        "repo": "configarr",
        "rev": "e7434130768a0eeeb0898ccca5ede8b13c1fe608",
        "type": "github"
      },
      "original": {
        "owner": "venkyr77",
        "ref": "nix",
        "repo": "configarr",
        "type": "github"
      }
    },
    "flake-compat": {
      "flake": false,
      "locked": {
        "lastModified": 1767039857,
        "narHash": "sha256-vNpUSpF5Nuw8xvDLj2KCwwksIbjua2LZCqhV1LNRDns=",
        "owner": "edolstra",
        "repo": "flake-compat",
        "rev": "5edf11c44bc78a0d334f6334cdaf7d60d732daab",
        "type": "github"
      },
      "original": {
        "owner": "edolstra",
        "repo": "flake-compat",
        "type": "github"
      }
    },
    "flake-parts": {
      "inputs": {
        "nixpkgs-lib": [
          "nixlib"
        ]
      },
      "locked": {
        "lastModified": 1768135262,
        "narHash": "sha256-PVvu7OqHBGWN16zSi6tEmPwwHQ4rLPU9Plvs8/1TUBY=",
        "owner": "hercules-ci",
        "repo": "flake-parts",
        "rev": "80daad04eddbbf5a4d883996a73f3f542fa437ac",
        "type": "github"
      },
      "original": {
        "owner": "hercules-ci",
        "repo": "flake-parts",
        "type": "github"
      }
    },
    "flake-utils": {
      "inputs": {
        "systems": [
          "systems"
        ]
      },
      "locked": {
        "lastModified": 1731533236,
        "narHash": "sha256-l0KFg5HjrsfsO/JpG+r7fRrqm12kzFHyUHqHCVpMMbI=",
        "owner": "numtide",
        "repo": "flake-utils",
        "rev": "11707dc2f618dd54ca8739b309ec4fc024de578b",
        "type": "github"
      },
      "original": {
        "owner": "numtide",
        "repo": "flake-utils",
        "type": "github"
      }
    },
    "jellarr": {
      "inputs": {
        "flake-parts": [
          "flake-parts"
        ],
        "nixpkgs": [
          "nixpkgs"
        ],
        "systems": [
          "systems"
        ],
        "treefmt-nix": [
          "treefmt-nix"
        ]
      },
      "locked": {
        "lastModified": 1769242930,
        "narHash": "sha256-J2r6XzNBcddW7kodls3TC6xb7fsSjUXIyR6ujinorIA=",
        "owner": "venkyr77",
        "repo": "jellarr",
        "rev": "f94c24f26c0264a7c331b016968d5b6e8d1504b7",
        "type": "github"
      },
      "original": {
        "owner": "venkyr77",
        "ref": "v0.1.0",
        "repo": "jellarr",
        "type": "github"
      }
    },
    "nix-github-actions": {
      "inputs": {
        "nixpkgs": [
          "colmena",
          "nixpkgs"
        ]
      },
      "locked": {
        "lastModified": 1729742964,
        "narHash": "sha256-B4mzTcQ0FZHdpeWcpDYPERtyjJd/NIuaQ9+BV1h+MpA=",
        "owner": "nix-community",
        "repo": "nix-github-actions",
        "rev": "e04df33f62cdcf93d73e9a04142464753a16db67",
        "type": "github"
      },
      "original": {
        "owner": "nix-community",
        "repo": "nix-github-actions",
        "type": "github"
      }
    },
    "nixlib": {
      "locked": {
        "lastModified": 1769304017,
        "narHash": "sha256-TE1EHvIAz81IGUKTmKQehbc9hjuxF7pe/QWdQuy/Ijc=",
        "owner": "nix-community",
        "repo": "nixpkgs.lib",
        "rev": "d4c8053ce1d9ba28bfb69a9f9f23ac24d313d4e8",
        "type": "github"
      },
      "original": {
        "owner": "nix-community",
        "repo": "nixpkgs.lib",
        "type": "github"
      }
    },
    "nixos-generators": {
      "inputs": {
        "nixlib": [
          "nixlib"
        ],
        "nixpkgs": [
          "nixpkgs"
        ]
      },
      "locked": {
        "lastModified": 1769813415,
        "narHash": "sha256-nnVmNNKBi1YiBNPhKclNYDORoHkuKipoz7EtVnXO50A=",
        "owner": "nix-community",
        "repo": "nixos-generators",
        "rev": "8946737ff703382fda7623b9fab071d037e897d5",
        "type": "github"
      },
      "original": {
        "owner": "nix-community",
        "repo": "nixos-generators",
        "type": "github"
      }
    },
    "nixpkgs": {
      "locked": {
        "lastModified": 1769740369,
        "narHash": "sha256-xKPyJoMoXfXpDM5DFDZDsi9PHArf2k5BJjvReYXoFpM=",
        "owner": "NixOS",
        "repo": "nixpkgs",
        "rev": "6308c3b21396534d8aaeac46179c14c439a89b8a",
        "type": "github"
      },
      "original": {
        "owner": "NixOS",
        "ref": "nixpkgs-unstable",
        "repo": "nixpkgs",
        "type": "github"
      }
    },
    "root": {
      "inputs": {
        "colmena": "colmena",
        "configarr": "configarr",
        "flake-compat": "flake-compat",
        "flake-parts": "flake-parts",
        "flake-utils": "flake-utils",
        "jellarr": "jellarr",
        "nixlib": "nixlib",
        "nixos-generators": "nixos-generators",
        "nixpkgs": "nixpkgs",
        "sops-nix": "sops-nix",
        "systems": "systems",
        "terranix": "terranix",
        "treefmt-nix": "treefmt-nix"
      }
    },
    "sops-nix": {
      "inputs": {
        "nixpkgs": [
          "nixpkgs"
        ]
      },
      "locked": {
        "lastModified": 1769469829,
        "narHash": "sha256-wFcr32ZqspCxk4+FvIxIL0AZktRs6DuF8oOsLt59YBU=",
        "owner": "Mic92",
        "repo": "sops-nix",
        "rev": "c5eebd4eb2e3372fe12a8d70a248a6ee9dd02eff",
        "type": "github"
      },
      "original": {
        "owner": "Mic92",
        "repo": "sops-nix",
        "type": "github"
      }
    },
    "stable": {
      "locked": {
        "lastModified": 1750133334,
        "narHash": "sha256-urV51uWH7fVnhIvsZIELIYalMYsyr2FCalvlRTzqWRw=",
        "owner": "NixOS",
        "repo": "nixpkgs",
        "rev": "36ab78dab7da2e4e27911007033713bab534187b",
        "type": "github"
      },
      "original": {
        "owner": "NixOS",
        "ref": "nixos-25.05",
        "repo": "nixpkgs",
        "type": "github"
      }
    },
    "systems": {
      "locked": {
        "lastModified": 1681028828,
        "narHash": "sha256-Vy1rq5AaRuLzOxct8nz4T6wlgyUR7zLU309k9mBC768=",
        "owner": "nix-systems",
        "repo": "default",
        "rev": "da67096a3b9bf56a91d16901293e51ba5b49a27e",
        "type": "github"
      },
      "original": {
        "owner": "nix-systems",
        "repo": "default",
        "type": "github"
      }
    },
    "terranix": {
      "inputs": {
        "flake-parts": [
          "flake-parts"
        ],
        "nixpkgs": [
          "nixpkgs"
        ],
        "systems": [
          "systems"
        ]
      },
      "locked": {
        "lastModified": 1762472226,
        "narHash": "sha256-iVS4sxVgGn+T74rGJjEJbzx+kjsuaP3wdQVXBNJ79A0=",
        "owner": "terranix",
        "repo": "terranix",
        "rev": "3b5947a48da5694094b301a3b1ef7b22ec8b19fc",
        "type": "github"
      },
      "original": {
        "owner": "terranix",
        "repo": "terranix",
        "type": "github"
      }
    },
    "treefmt-nix": {
      "inputs": {
        "nixpkgs": [
          "nixpkgs"
        ]
      },
      "locked": {
        "lastModified": 1769691507,
        "narHash": "sha256-8aAYwyVzSSwIhP2glDhw/G0i5+wOrren3v6WmxkVonM=",
        "owner": "numtide",
        "repo": "treefmt-nix",
        "rev": "28b19c5844cc6e2257801d43f2772a4b4c050a1b",
        "type": "github"
      },
      "original": {
        "owner": "numtide",
        "repo": "treefmt-nix",
        "type": "github"
      }
    }
  },
  "root": "root",
  "version": 7
}
